
Microsoft Visual Studio Solution File, Format Version 12.00
# Visual Studio 15
VisualStudioVersion = 15.0.27130.2036
MinimumVisualStudioVersion = 10.0.40219.1
Project("{FAE04EC0-301F-11D3-BF4B-00C04F79EFBC}") = "FYP_DAR_Tool", "FYP_DAR_Tool\FYP_DAR_Tool.csproj", "{880E4FEE-4506-4B10-8D8E-74160D8E4803}"
EndProject
Global
	GlobalSection(SolutionConfigurationPlatforms) = preSolution
		Debug|Any CPU = Debug|Any CPU
		Release|Any CPU = Release|Any CPU
	EndGlobalSection
	GlobalSection(ProjectConfigurationPlatforms) = postSolution
		{880E4FEE-4506-4B10-8D8E-74160D8E4803}.Debug|Any CPU.ActiveCfg = Debug|Any CPU
		{880E4FEE-4506-4B10-8D8E-74160D8E4803}.Debug|Any CPU.Build.0 = Debug|Any CPU
		{880E4FEE-4506-4B10-8D8E-74160D8E4803}.Release|Any CPU.ActiveCfg = Release|Any CPU
		{880E4FEE-4506-4B10-8D8E-74160D8E4803}.Release|Any CPU.Build.0 = Release|Any CPU
	EndGlobalSection
	GlobalSection(SolutionProperties) = preSolution
		HideSolutionNode = FALSE
	EndGlobalSection
	GlobalSection(ExtensibilityGlobals) = postSolution
		SolutionGuid = {2C8FB6FB-4B33-4B7C-9877-9B4933FB19B5}
	EndGlobalSection
EndGlobal
